
Microsoft Visual Studio Solution File, Format Version 12.00
# Visual Studio 14
VisualStudioVersion = 14.0.25420.1
MinimumVisualStudioVersion = 10.0.40219.1
Project("{FAE04EC0-301F-11D3-BF4B-00C04F79EFBC}") = "AdminSites.WEBAPP", "AdminSites.WEBAPP\AdminSites.WEBAPP.csproj", "{5CAA22EF-31BB-4685-B4C6-AB8708151199}"
EndProject
Project("{FAE04EC0-301F-11D3-BF4B-00C04F79EFBC}") = "AdminSites.BLL", "AdminSites.BLL\AdminSites.BLL.csproj", "{86648316-D66C-4486-BB1B-C647E0069221}"
EndProject
Project("{FAE04EC0-301F-11D3-BF4B-00C04F79EFBC}") = "AdminSites.Persistencia", "AdminSites.Persistencia\AdminSites.Persistencia.csproj", "{C0173560-2AD7-4D38-BED1-F24308CC7B8F}"
EndProject
Global
	GlobalSection(SolutionConfigurationPlatforms) = preSolution
		Debug|Any CPU = Debug|Any CPU
		Release|Any CPU = Release|Any CPU
	EndGlobalSection
	GlobalSection(ProjectConfigurationPlatforms) = postSolution
		{5CAA22EF-31BB-4685-B4C6-AB8708151199}.Debug|Any CPU.ActiveCfg = Debug|Any CPU
		{5CAA22EF-31BB-4685-B4C6-AB8708151199}.Debug|Any CPU.Build.0 = Debug|Any CPU
		{5CAA22EF-31BB-4685-B4C6-AB8708151199}.Release|Any CPU.ActiveCfg = Release|Any CPU
		{5CAA22EF-31BB-4685-B4C6-AB8708151199}.Release|Any CPU.Build.0 = Release|Any CPU
		{86648316-D66C-4486-BB1B-C647E0069221}.Debug|Any CPU.ActiveCfg = Debug|Any CPU
		{86648316-D66C-4486-BB1B-C647E0069221}.Debug|Any CPU.Build.0 = Debug|Any CPU
		{86648316-D66C-4486-BB1B-C647E0069221}.Release|Any CPU.ActiveCfg = Release|Any CPU
		{86648316-D66C-4486-BB1B-C647E0069221}.Release|Any CPU.Build.0 = Release|Any CPU
		{C0173560-2AD7-4D38-BED1-F24308CC7B8F}.Debug|Any CPU.ActiveCfg = Debug|Any CPU
		{C0173560-2AD7-4D38-BED1-F24308CC7B8F}.Debug|Any CPU.Build.0 = Debug|Any CPU
		{C0173560-2AD7-4D38-BED1-F24308CC7B8F}.Release|Any CPU.ActiveCfg = Release|Any CPU
		{C0173560-2AD7-4D38-BED1-F24308CC7B8F}.Release|Any CPU.Build.0 = Release|Any CPU
	EndGlobalSection
	GlobalSection(SolutionProperties) = preSolution
		HideSolutionNode = FALSE
	EndGlobalSection
EndGlobal
